
Microsoft Visual Studio Solution File, Format Version 12.00
# Visual Studio Version 17
VisualStudioVersion = 17.5.33516.290
MinimumVisualStudioVersion = 10.0.40219.1
Project("{FAE04EC0-301F-11D3-BF4B-00C04F79EFBC}") = "rgr1", "rgr1.csproj", "{6CF026C5-3458-4EB3-8AA7-1CBBE7CAF480}"
EndProject
Global
	GlobalSection(SolutionConfigurationPlatforms) = preSolution
		Debug|Any CPU = Debug|Any CPU
		Release|Any CPU = Release|Any CPU
	EndGlobalSection
	GlobalSection(ProjectConfigurationPlatforms) = postSolution
		{6CF026C5-3458-4EB3-8AA7-1CBBE7CAF480}.Debug|Any CPU.ActiveCfg = Debug|Any CPU
		{6CF026C5-3458-4EB3-8AA7-1CBBE7CAF480}.Debug|Any CPU.Build.0 = Debug|Any CPU
		{6CF026C5-3458-4EB3-8AA7-1CBBE7CAF480}.Release|Any CPU.ActiveCfg = Release|Any CPU
		{6CF026C5-3458-4EB3-8AA7-1CBBE7CAF480}.Release|Any CPU.Build.0 = Release|Any CPU
	EndGlobalSection
	GlobalSection(SolutionProperties) = preSolution
		HideSolutionNode = FALSE
	EndGlobalSection
	GlobalSection(ExtensibilityGlobals) = postSolution
		SolutionGuid = {2A5EE180-997C-4B30-B495-E63FCB2EEAF4}
	EndGlobalSection
EndGlobal
